// !$*UTF8*$!
{
	archiveVersion = 1;
	classes = {
	};
	objectVersion = 55;
	objects = {

/* Begin PBXBuildFile section */
		6184F93D28BCCF150028E59D /* AppDelegate.swift in Sources */ = {isa = PBXBuildFile; fileRef = 6184F93C28BCCF150028E59D /* AppDelegate.swift */; };
		6184F93F28BCCF150028E59D /* SceneDelegate.swift in Sources */ = {isa = PBXBuildFile; fileRef = 6184F93E28BCCF150028E59D /* SceneDelegate.swift */; };
		6184F94128BCCF150028E59D /* ViewController.swift in Sources */ = {isa = PBXBuildFile; fileRef = 6184F94028BCCF150028E59D /* ViewController.swift */; };
		6184F94428BCCF150028E59D /* Main.storyboard in Resources */ = {isa = PBXBuildFile; fileRef = 6184F94228BCCF150028E59D /* Main.storyboard */; };
		6184F94628BCCF170028E59D /* Assets.xcassets in Resources */ = {isa = PBXBuildFile; fileRef = 6184F94528BCCF170028E59D /* Assets.xcassets */; };
		6184F94928BCCF170028E59D /* LaunchScreen.storyboard in Resources */ = {isa = PBXBuildFile; fileRef = 6184F94728BCCF170028E59D /* LaunchScreen.storyboard */; };
		6184F95128BCCFAF0028E59D /* DCSProgessView.swift in Sources */ = {isa = PBXBuildFile; fileRef = 6184F95028BCCFAF0028E59D /* DCSProgessView.swift */; };
		6184F95328BCDB8D0028E59D /* ProgressView.swift in Sources */ = {isa = PBXBuildFile; fileRef = 6184F95228BCDB8D0028E59D /* ProgressView.swift */; };
/* End PBXBuildFile section */

/* Begin PBXFileReference section */
		6184F93928BCCF150028E59D /* DCSProgessView.app */ = {isa = PBXFileReference; explicitFileType = wrapper.application; includeInIndex = 0; path = DCSProgessView.app; sourceTree = BUILT_PRODUCTS_DIR; };
		6184F93C28BCCF150028E59D /* AppDelegate.swift */ = {isa = PBXFileReference; lastKnownFileType = sourcecode.swift; path = AppDelegate.swift; sourceTree = "<group>"; };
		6184F93E28BCCF150028E59D /* SceneDelegate.swift */ = {isa = PBXFileReference; lastKnownFileType = sourcecode.swift; path = SceneDelegate.swift; sourceTree = "<group>"; };
		6184F94028BCCF150028E59D /* ViewController.swift */ = {isa = PBXFileReference; lastKnownFileType = sourcecode.swift; path = ViewController.swift; sourceTree = "<group>"; };
		6184F94328BCCF150028E59D /* Base */ = {isa = PBXFileReference; lastKnownFileType = file.storyboard; name = Base; path = Base.lproj/Main.storyboard; sourceTree = "<group>"; };
		6184F94528BCCF170028E59D /* Assets.xcassets */ = {isa = PBXFileReference; lastKnownFileType = folder.assetcatalog; path = Assets.xcassets; sourceTree = "<group>"; };
		6184F94828BCCF170028E59D /* Base */ = {isa = PBXFileReference; lastKnownFileType = file.storyboard; name = Base; path = Base.lproj/LaunchScreen.storyboard; sourceTree = "<group>"; };
		6184F94A28BCCF170028E59D /* Info.plist */ = {isa = PBXFileReference; lastKnownFileType = text.plist.xml; path = Info.plist; sourceTree = "<group>"; };
		6184F95028BCCFAF0028E59D /* DCSProgessView.swift */ = {isa = PBXFileReference; lastKnownFileType = sourcecode.swift; path = DCSProgessView.swift; sourceTree = "<group>"; };
		6184F95228BCDB8D0028E59D /* ProgressView.swift */ = {isa = PBXFileReference; lastKnownFileType = sourcecode.swift; path = ProgressView.swift; sourceTree = "<group>"; };
/* End PBXFileReference section */

/* Begin PBXFrameworksBuildPhase section */
		6184F93628BCCF150028E59D /* Frameworks */ = {
			isa = PBXFrameworksBuildPhase;
			buildActionMask = 2147483647;
			files = (
			);
			runOnlyForDeploymentPostprocessing = 0;
		};
/* End PBXFrameworksBuildPhase section */

/* Begin PBXGroup section */
		6184F93028BCCF150028E59D = {
			isa = PBXGroup;
			children = (
				6184F93B28BCCF150028E59D /* DCSProgessView */,
				6184F93A28BCCF150028E59D /* Products */,
			);
			sourceTree = "<group>";
		};
		6184F93A28BCCF150028E59D /* Products */ = {
			isa = PBXGroup;
			children = (
				6184F93928BCCF150028E59D /* DCSProgessView.app */,
			);
			name = Products;
			sourceTree = "<group>";
		};
		6184F93B28BCCF150028E59D /* DCSProgessView */ = {
			isa = PBXGroup;
			children = (
				6184F93C28BCCF150028E59D /* AppDelegate.swift */,
				6184F93E28BCCF150028E59D /* SceneDelegate.swift */,
				6184F95528BCDBDD0028E59D /* Progress */,
				6184F94028BCCF150028E59D /* ViewController.swift */,
				6184F94228BCCF150028E59D /* Main.storyboard */,
				6184F94528BCCF170028E59D /* Assets.xcassets */,
				6184F94728BCCF170028E59D /* LaunchScreen.storyboard */,
				6184F94A28BCCF170028E59D /* Info.plist */,
			);
			path = DCSProgessView;
			sourceTree = "<group>";
		};
		6184F95528BCDBDD0028E59D /* Progress */ = {
			isa = PBXGroup;
			children = (
				6184F95028BCCFAF0028E59D /* DCSProgessView.swift */,
				6184F95228BCDB8D0028E59D /* ProgressView.swift */,
			);
			path = Progress;
			sourceTree = "<group>";
		};
/* End PBXGroup section */

/* Begin PBXNativeTarget section */
		6184F93828BCCF150028E59D /* DCSProgessView */ = {
			isa = PBXNativeTarget;
			buildConfigurationList = 6184F94D28BCCF170028E59D /* Build configuration list for PBXNativeTarget "DCSProgessView" */;
			buildPhases = (
				6184F93528BCCF150028E59D /* Sources */,
				6184F93628BCCF150028E59D /* Frameworks */,
				6184F93728BCCF150028E59D /* Resources */,
			);
			buildRules = (
			);
			dependencies = (
			);
			name = DCSProgessView;
			productName = DCSProgessView;
			productReference = 6184F93928BCCF150028E59D /* DCSProgessView.app */;
			productType = "com.apple.product-type.application";
		};
/* End PBXNativeTarget section */

/* Begin PBXProject section */
		6184F93128BCCF150028E59D /* Project object */ = {
			isa = PBXProject;
			attributes = {
				BuildIndependentTargetsInParallel = 1;
				LastSwiftUpdateCheck = 1340;
				LastUpgradeCheck = 1340;
				TargetAttributes = {
					6184F93828BCCF150028E59D = {
						CreatedOnToolsVersion = 13.4.1;
					};
				};
			};
			buildConfigurationList = 6184F93428BCCF150028E59D /* Build configuration list for PBXProject "DCSProgessView" */;
			compatibilityVersion = "Xcode 13.0";
			developmentRegion = en;
			hasScannedForEncodings = 0;
			knownRegions = (
				en,
				Base,
			);
			mainGroup = 6184F93028BCCF150028E59D;
			productRefGroup = 6184F93A28BCCF150028E59D /* Products */;
			projectDirPath = "";
			projectRoot = "";
			targets = (
				6184F93828BCCF150028E59D /* DCSProgessView */,
			);
		};
/* End PBXProject section */

/* Begin PBXResourcesBuildPhase section */
		6184F93728BCCF150028E59D /* Resources */ = {
			isa = PBXResourcesBuildPhase;
			buildActionMask = 2147483647;
			files = (
				6184F94928BCCF170028E59D /* LaunchScreen.storyboard in Resources */,
				6184F94628BCCF170028E59D /* Assets.xcassets in Resources */,
				6184F94428BCCF150028E59D /* Main.storyboard in Resources */,
			);
			runOnlyForDeploymentPostprocessing = 0;
		};
/* End PBXResourcesBuildPhase section */

/* Begin PBXSourcesBuildPhase section */
		6184F93528BCCF150028E59D /* Sources */ = {
			isa = PBXSourcesBuildPhase;
			buildActionMask = 2147483647;
			files = (
				6184F94128BCCF150028E59D /* ViewController.swift in Sources */,
				6184F93D28BCCF150028E59D /* AppDelegate.swift in Sources */,
				6184F95328BCDB8D0028E59D /* ProgressView.swift in Sources */,
				6184F93F28BCCF150028E59D /* SceneDelegate.swift in Sources */,
				6184F95128BCCFAF0028E59D /* DCSProgessView.swift in Sources */,
			);
			runOnlyForDeploymentPostprocessing = 0;
		};
/* End PBXSourcesBuildPhase section */

/* Begin PBXVariantGroup section */
		6184F94228BCCF150028E59D /* Main.storyboard */ = {
			isa = PBXVariantGroup;
			children = (
				6184F94328BCCF150028E59D /* Base */,
			);
			name = Main.storyboard;
			sourceTree = "<group>";
		};
		6184F94728BCCF170028E59D /* LaunchScreen.storyboard */ = {
			isa = PBXVariantGroup;
			children = (
				6184F94828BCCF170028E59D /* Base */,
			);
			name = LaunchScreen.storyboard;
			sourceTree = "<group>";
		};
/* End PBXVariantGroup section */

/* Begin XCBuildConfiguration section */
		6184F94B28BCCF170028E59D /* Debug */ = {
			isa = XCBuildConfiguration;
			buildSettings = {
				ALWAYS_SEARCH_USER_PATHS = NO;
				CLANG_ANALYZER_NONNULL = YES;
				CLANG_ANALYZER_NUMBER_OBJECT_CONVERSION = YES_AGGRESSIVE;
				CLANG_CXX_LANGUAGE_STANDARD = "gnu++17";
				CLANG_ENABLE_MODULES = YES;
				CLANG_ENABLE_OBJC_ARC = YES;
				CLANG_ENABLE_OBJC_WEAK = YES;
				CLANG_WARN_BLOCK_CAPTURE_AUTORELEASING = YES;
				CLANG_WARN_BOOL_CONVERSION = YES;
				CLANG_WARN_COMMA = YES;
				CLANG_WARN_CONSTANT_CONVERSION = YES;
				CLANG_WARN_DEPRECATED_OBJC_IMPLEMENTATIONS = YES;
				CLANG_WARN_DIRECT_OBJC_ISA_USAGE = YES_ERROR;
				CLANG_WARN_DOCUMENTATION_COMMENTS = YES;
				CLANG_WARN_EMPTY_BODY = YES;
				CLANG_WARN_ENUM_CONVERSION = YES;
				CLANG_WARN_INFINITE_RECURSION = YES;
				CLANG_WARN_INT_CONVERSION = YES;
				CLANG_WARN_NON_LITERAL_NULL_CONVERSION = YES;
				CLANG_WARN_OBJC_IMPLICIT_RETAIN_SELF = YES;
				CLANG_WARN_OBJC_LITERAL_CONVERSION = YES;
				CLANG_WARN_OBJC_ROOT_CLASS = YES_ERROR;
				CLANG_WARN_QUOTED_INCLUDE_IN_FRAMEWORK_HEADER = YES;
				CLANG_WARN_RANGE_LOOP_ANALYSIS = YES;
				CLANG_WARN_STRICT_PROTOTYPES = YES;
				CLANG_WARN_SUSPICIOUS_MOVE = YES;
				CLANG_WARN_UNGUARDED_AVAILABILITY = YES_AGGRESSIVE;
				CLANG_WARN_UNREACHABLE_CODE = YES;
				CLANG_WARN__DUPLICATE_METHOD_MATCH = YES;
				COPY_PHASE_STRIP = NO;
				DEBUG_INFORMATION_FORMAT = dwarf;
				ENABLE_STRICT_OBJC_MSGSEND = YES;
				ENABLE_TESTABILITY = YES;
				GCC_C_LANGUAGE_STANDARD = gnu11;
				GCC_DYNAMIC_NO_PIC = NO;
				GCC_NO_COMMON_BLOCKS = YES;
				GCC_OPTIMIZATION_LEVEL = 0;
				GCC_PREPROCESSOR_DEFINITIONS = (
					"DEBUG=1",
					"$(inherited)",
				);
				GCC_WARN_64_TO_32_BIT_CONVERSION = YES;
				GCC_WARN_ABOUT_RETURN_TYPE = YES_ERROR;
				GCC_WARN_UNDECLARED_SELECTOR = YES;
				GCC_WARN_UNINITIALIZED_AUTOS = YES_AGGRESSIVE;
				GCC_WARN_UNUSED_FUNCTION = YES;
				GCC_WARN_UNUSED_VARIABLE = YES;
				IPHONEOS_DEPLOYMENT_TARGET = 15.5;
				MTL_ENABLE_DEBUG_INFO = INCLUDE_SOURCE;
				MTL_FAST_MATH = YES;
				ONLY_ACTIVE_ARCH = YES;
				SDKROOT = iphoneos;
				SWIFT_ACTIVE_COMPILATION_CONDITIONS = DEBUG;
				SWIFT_OPTIMIZATION_LEVEL = "-Onone";
			};
			name = Debug;
		};
		6184F94C28BCCF170028E59D /* Release */ = {
			isa = XCBuildConfiguration;
			buildSettings = {
				ALWAYS_SEARCH_USER_PATHS = NO;
				CLANG_ANALYZER_NONNULL = YES;
				CLANG_ANALYZER_NUMBER_OBJECT_CONVERSION = YES_AGGRESSIVE;
				CLANG_CXX_LANGUAGE_STANDARD = "gnu++17";
				CLANG_ENABLE_MODULES = YES;
				CLANG_ENABLE_OBJC_ARC = YES;
				CLANG_ENABLE_OBJC_WEAK = YES;
				CLANG_WARN_BLOCK_CAPTURE_AUTORELEASING = YES;
				CLANG_WARN_BOOL_CONVERSION = YES;
				CLANG_WARN_COMMA = YES;
				CLANG_WARN_CONSTANT_CONVERSION = YES;
				CLANG_WARN_DEPRECATED_OBJC_IMPLEMENTATIONS = YES;
				CLANG_WARN_DIRECT_OBJC_ISA_USAGE = YES_ERROR;
				CLANG_WARN_DOCUMENTATION_COMMENTS = YES;
				CLANG_WARN_EMPTY_BODY = YES;
				CLANG_WARN_ENUM_CONVERSION = YES;
				CLANG_WARN_INFINITE_RECURSION = YES;
				CLANG_WARN_INT_CONVERSION = YES;
				CLANG_WARN_NON_LITERAL_NULL_CONVERSION = YES;
				CLANG_WARN_OBJC_IMPLICIT_RETAIN_SELF = YES;
				CLANG_WARN_OBJC_LITERAL_CONVERSION = YES;
				CLANG_WARN_OBJC_ROOT_CLASS = YES_ERROR;
				CLANG_WARN_QUOTED_INCLUDE_IN_FRAMEWORK_HEADER = YES;
				CLANG_WARN_RANGE_LOOP_ANALYSIS = YES;
				CLANG_WARN_STRICT_PROTOTYPES = YES;
				CLANG_WARN_SUSPICIOUS_MOVE = YES;
				CLANG_WARN_UNGUARDED_AVAILABILITY = YES_AGGRESSIVE;
				CLANG_WARN_UNREACHABLE_CODE = YES;
				CLANG_WARN__DUPLICATE_METHOD_MATCH = YES;
				COPY_PHASE_STRIP = NO;
				DEBUG_INFORMATION_FORMAT = "dwarf-with-dsym";
				ENABLE_NS_ASSERTIONS = NO;
				ENABLE_STRICT_OBJC_MSGSEND = YES;
				GCC_C_LANGUAGE_STANDARD = gnu11;
				GCC_NO_COMMON_BLOCKS = YES;
				GCC_WARN_64_TO_32_BIT_CONVERSION = YES;
				GCC_WARN_ABOUT_RETURN_TYPE = YES_ERROR;
				GCC_WARN_UNDECLARED_SELECTOR = YES;
				GCC_WARN_UNINITIALIZED_AUTOS = YES_AGGRESSIVE;
				GCC_WARN_UNUSED_FUNCTION = YES;
				GCC_WARN_UNUSED_VARIABLE = YES;
				IPHONEOS_DEPLOYMENT_TARGET = 15.5;
				MTL_ENABLE_DEBUG_INFO = NO;
				MTL_FAST_MATH = YES;
				SDKROOT = iphoneos;
				SWIFT_COMPILATION_MODE = wholemodule;
				SWIFT_OPTIMIZATION_LEVEL = "-O";
				VALIDATE_PRODUCT = YES;
			};
			name = Release;
		};
		6184F94E28BCCF170028E59D /* Debug */ = {
			isa = XCBuildConfiguration;
			buildSettings = {
				ASSETCATALOG_COMPILER_APPICON_NAME = AppIcon;
				ASSETCATALOG_COMPILER_GLOBAL_ACCENT_COLOR_NAME = AccentColor;
				CODE_SIGN_STYLE = Automatic;
				CURRENT_PROJECT_VERSION = 1;
				DEVELOPMENT_TEAM = AJ67RUJC7P;
				GENERATE_INFOPLIST_FILE = YES;
				INFOPLIST_FILE = DCSProgessView/Info.plist;
				INFOPLIST_KEY_UIApplicationSupportsIndirectInputEvents = YES;
				INFOPLIST_KEY_UILaunchStoryboardName = LaunchScreen;
				INFOPLIST_KEY_UIMainStoryboardFile = Main;
				INFOPLIST_KEY_UISupportedInterfaceOrientations_iPad = "UIInterfaceOrientationPortrait UIInterfaceOrientationPortraitUpsideDown UIInterfaceOrientationLandscapeLeft UIInterfaceOrientationLandscapeRight";
				INFOPLIST_KEY_UISupportedInterfaceOrientations_iPhone = "UIInterfaceOrientationPortrait UIInterfaceOrientationLandscapeLeft UIInterfaceOrientationLandscapeRight";
				LD_RUNPATH_SEARCH_PATHS = (
					"$(inherited)",
					"@executable_path/Frameworks",
				);
				MARKETING_VERSION = 1.0;
				PRODUCT_BUNDLE_IDENTIFIER = tecorb.DCSProgessView;
				PRODUCT_NAME = "$(TARGET_NAME)";
				SWIFT_EMIT_LOC_STRINGS = YES;
				SWIFT_VERSION = 5.0;
				TARGETED_DEVICE_FAMILY = "1,2";
			};
			name = Debug;
		};
		6184F94F28BCCF170028E59D /* Release */ = {
			isa = XCBuildConfiguration;
			buildSettings = {
				ASSETCATALOG_COMPILER_APPICON_NAME = AppIcon;
				ASSETCATALOG_COMPILER_GLOBAL_ACCENT_COLOR_NAME = AccentColor;
				CODE_SIGN_STYLE = Automatic;
				CURRENT_PROJECT_VERSION = 1;
				DEVELOPMENT_TEAM = AJ67RUJC7P;
				GENERATE_INFOPLIST_FILE = YES;
				INFOPLIST_FILE = DCSProgessView/Info.plist;
				INFOPLIST_KEY_UIApplicationSupportsIndirectInputEvents = YES;
				INFOPLIST_KEY_UILaunchStoryboardName = LaunchScreen;
				INFOPLIST_KEY_UIMainStoryboardFile = Main;
				INFOPLIST_KEY_UISupportedInterfaceOrientations_iPad = "UIInterfaceOrientationPortrait UIInterfaceOrientationPortraitUpsideDown UIInterfaceOrientationLandscapeLeft UIInterfaceOrientationLandscapeRight";
				INFOPLIST_KEY_UISupportedInterfaceOrientations_iPhone = "UIInterfaceOrientationPortrait UIInterfaceOrientationLandscapeLeft UIInterfaceOrientationLandscapeRight";
				LD_RUNPATH_SEARCH_PATHS = (
					"$(inherited)",
					"@executable_path/Frameworks",
				);
				MARKETING_VERSION = 1.0;
				PRODUCT_BUNDLE_IDENTIFIER = tecorb.DCSProgessView;
				PRODUCT_NAME = "$(TARGET_NAME)";
				SWIFT_EMIT_LOC_STRINGS = YES;
				SWIFT_VERSION = 5.0;
				TARGETED_DEVICE_FAMILY = "1,2";
			};
			name = Release;
		};
/* End XCBuildConfiguration section */

/* Begin XCConfigurationList section */
		6184F93428BCCF150028E59D /* Build configuration list for PBXProject "DCSProgessView" */ = {
			isa = XCConfigurationList;
			buildConfigurations = (
				6184F94B28BCCF170028E59D /* Debug */,
				6184F94C28BCCF170028E59D /* Release */,
			);
			defaultConfigurationIsVisible = 0;
			defaultConfigurationName = Release;
		};
		6184F94D28BCCF170028E59D /* Build configuration list for PBXNativeTarget "DCSProgessView" */ = {
			isa = XCConfigurationList;
			buildConfigurations = (
				6184F94E28BCCF170028E59D /* Debug */,
				6184F94F28BCCF170028E59D /* Release */,
			);
			defaultConfigurationIsVisible = 0;
			defaultConfigurationName = Release;
		};
/* End XCConfigurationList section */
	};
	rootObject = 6184F93128BCCF150028E59D /* Project object */;
}
